<?xml version="1.0" encoding="utf-8"?>
<Project ToolsVersion="4.0" xmlns="http://schemas.microsoft.com/developer/msbuild/2003">
  <ItemGroup>
    <Filter Include="소스 파일">
      <UniqueIdentifier>{4FC737F1-C7A5-4376-A066-2A32D752A2FF}</UniqueIdentifier>
      <Extensions>cpp;c;cc;cxx;c++;def;odl;idl;hpj;bat;asm;asmx</Extensions>
    </Filter>
    <Filter Include="헤더 파일">
      <UniqueIdentifier>{93995380-89BD-4b04-88EB-625FBE52EBFB}</UniqueIdentifier>
      <Extensions>h;hh;hpp;hxx;h++;hm;inl;inc;ipp;xsd</Extensions>
    </Filter>
    <Filter Include="리소스 파일">
      <UniqueIdentifier>{67DA6AB6-F800-4c08-8B7A-83BB121AAD01}</UniqueIdentifier>
      <Extensions>rc;ico;cur;bmp;dlg;rc2;rct;bin;rgs;gif;jpg;jpeg;jpe;resx;tiff;tif;png;wav;mfcribbon-ms</Extensions>
    </Filter>
    <Filter Include="greedy">
      <UniqueIdentifier>{814b9ab0-292f-4540-ba86-e58262942b6f}</UniqueIdentifier>
    </Filter>
    <Filter Include="etc">
      <UniqueIdentifier>{e769f17b-2b58-491b-bdae-c85cf3b0aaa2}</UniqueIdentifier>
    </Filter>
    <Filter Include="sort">
      <UniqueIdentifier>{dc104f25-4154-454e-a13a-98ca566532d2}</UniqueIdentifier>
    </Filter>
  </ItemGroup>
  <ItemGroup>
    <ClCompile Include="Algorithm.cpp">
      <Filter>소스 파일</Filter>
    </ClCompile>
    <ClCompile Include="greedy\2810.cpp">
      <Filter>greedy</Filter>
    </ClCompile>
    <ClCompile Include="1744.cpp">
      <Filter>greedy</Filter>
    </ClCompile>
    <ClCompile Include="1931.cpp">
      <Filter>greedy</Filter>
    </ClCompile>
    <ClCompile Include="1439.cpp">
      <Filter>greedy</Filter>
    </ClCompile>
    <ClCompile Include="10610.cpp">
      <Filter>etc</Filter>
    </ClCompile>
    <ClCompile Include="2875.cpp">
      <Filter>etc</Filter>
    </ClCompile>
    <ClCompile Include="10867.cpp">
      <Filter>sort</Filter>
    </ClCompile>
    <ClCompile Include="16435.cpp">
      <Filter>greedy</Filter>
    </ClCompile>
    <ClCompile Include="15702.cpp">
      <Filter>sort</Filter>
    </ClCompile>
    <ClCompile Include="1296.cpp">
      <Filter>etc</Filter>
    </ClCompile>
    <ClCompile Include="2399.cpp">
      <Filter>etc</Filter>
    </ClCompile>
  </ItemGroup>
</Project>